
Microsoft Visual Studio Solution File, Format Version 12.00
# Visual Studio Version 17
VisualStudioVersion = 17.0.32112.339
MinimumVisualStudioVersion = 10.0.40219.1
Project("{FAE04EC0-301F-11D3-BF4B-00C04F79EFBC}") = "Mouse FIELD", "Mouse FIELD\Mouse FIELD.csproj", "{27184B6A-ECEA-4C92-9F0F-E086792CD337}"
EndProject
Project("{FAE04EC0-301F-11D3-BF4B-00C04F79EFBC}") = "Mouse Monitor", "Mouse Monitor\Mouse Monitor.csproj", "{CD2AA94D-DAC1-4FBF-9F14-EB581927033D}"
EndProject
Project("{54435603-DBB4-11D2-8724-00A0C9A8B90C}") = "LucidScribe.Mouse.FIELD", "Installer\Lucid Scribe Mouse FIELD.vdproj", "{F1FB3ED4-79ED-44C6-81B6-2D9FFCA82A0B}"
EndProject
Global
	GlobalSection(SolutionConfigurationPlatforms) = preSolution
		Debug|Any CPU = Debug|Any CPU
		Release|Any CPU = Release|Any CPU
	EndGlobalSection
	GlobalSection(ProjectConfigurationPlatforms) = postSolution
		{27184B6A-ECEA-4C92-9F0F-E086792CD337}.Debug|Any CPU.ActiveCfg = Debug|Any CPU
		{27184B6A-ECEA-4C92-9F0F-E086792CD337}.Debug|Any CPU.Build.0 = Debug|Any CPU
		{27184B6A-ECEA-4C92-9F0F-E086792CD337}.Release|Any CPU.ActiveCfg = Release|Any CPU
		{27184B6A-ECEA-4C92-9F0F-E086792CD337}.Release|Any CPU.Build.0 = Release|Any CPU
		{CD2AA94D-DAC1-4FBF-9F14-EB581927033D}.Debug|Any CPU.ActiveCfg = Debug|Any CPU
		{CD2AA94D-DAC1-4FBF-9F14-EB581927033D}.Debug|Any CPU.Build.0 = Debug|Any CPU
		{CD2AA94D-DAC1-4FBF-9F14-EB581927033D}.Release|Any CPU.ActiveCfg = Release|Any CPU
		{CD2AA94D-DAC1-4FBF-9F14-EB581927033D}.Release|Any CPU.Build.0 = Release|Any CPU
		{F1FB3ED4-79ED-44C6-81B6-2D9FFCA82A0B}.Debug|Any CPU.ActiveCfg = Debug
		{F1FB3ED4-79ED-44C6-81B6-2D9FFCA82A0B}.Debug|Any CPU.Build.0 = Debug
		{F1FB3ED4-79ED-44C6-81B6-2D9FFCA82A0B}.Release|Any CPU.ActiveCfg = Release
		{F1FB3ED4-79ED-44C6-81B6-2D9FFCA82A0B}.Release|Any CPU.Build.0 = Release
	EndGlobalSection
	GlobalSection(SolutionProperties) = preSolution
		HideSolutionNode = FALSE
	EndGlobalSection
	GlobalSection(ExtensibilityGlobals) = postSolution
		SolutionGuid = {0B0B39B8-9149-4A38-B882-B95E8FD24CA6}
	EndGlobalSection
EndGlobal
